
Microsoft Visual Studio Solution File, Format Version 12.00
# Visual Studio Version 16
VisualStudioVersion = 16.0.29709.97
MinimumVisualStudioVersion = 10.0.40219.1
Project("{FAE04EC0-301F-11D3-BF4B-00C04F79EFBC}") = "GlobalSignals", "GlobalSignals.csproj", "{FA2FA25D-6C9C-4D59-9573-8369EFFAECA2}"
EndProject
Global
	GlobalSection(SolutionConfigurationPlatforms) = preSolution
		Debug|Any CPU = Debug|Any CPU
		Release|Any CPU = Release|Any CPU
	EndGlobalSection
	GlobalSection(ProjectConfigurationPlatforms) = postSolution
		{FA2FA25D-6C9C-4D59-9573-8369EFFAECA2}.Debug|Any CPU.ActiveCfg = Debug|Any CPU
		{FA2FA25D-6C9C-4D59-9573-8369EFFAECA2}.Debug|Any CPU.Build.0 = Debug|Any CPU
		{FA2FA25D-6C9C-4D59-9573-8369EFFAECA2}.Release|Any CPU.ActiveCfg = Release|Any CPU
		{FA2FA25D-6C9C-4D59-9573-8369EFFAECA2}.Release|Any CPU.Build.0 = Release|Any CPU
	EndGlobalSection
	GlobalSection(SolutionProperties) = preSolution
		HideSolutionNode = FALSE
	EndGlobalSection
	GlobalSection(ExtensibilityGlobals) = postSolution
		SolutionGuid = {F5C64D74-0A7F-4EE9-966E-4A4CC362A49A}
	EndGlobalSection
EndGlobal
